
Microsoft Visual Studio Solution File, Format Version 12.00
Project("{FAE04EC0-301F-11D3-BF4B-00C04F79EFBC}") = "MorphPhoto", "MorphPhoto\MorphPhoto.csproj", "{E0327197-E725-485D-95ED-108783F1B226}"
EndProject
Global
	GlobalSection(SolutionConfigurationPlatforms) = preSolution
		Debug|Any CPU = Debug|Any CPU
		Release|Any CPU = Release|Any CPU
	EndGlobalSection
	GlobalSection(ProjectConfigurationPlatforms) = postSolution
		{E0327197-E725-485D-95ED-108783F1B226}.Debug|Any CPU.ActiveCfg = Debug|Any CPU
		{E0327197-E725-485D-95ED-108783F1B226}.Debug|Any CPU.Build.0 = Debug|Any CPU
		{E0327197-E725-485D-95ED-108783F1B226}.Release|Any CPU.ActiveCfg = Release|Any CPU
		{E0327197-E725-485D-95ED-108783F1B226}.Release|Any CPU.Build.0 = Release|Any CPU
	EndGlobalSection
EndGlobal
